
Microsoft Visual Studio Solution File, Format Version 12.00
# Visual Studio Version 17
VisualStudioVersion = 17.10.35013.160
MinimumVisualStudioVersion = 10.0.40219.1
Project("{FAE04EC0-301F-11D3-BF4B-00C04F79EFBC}") = "ACME.Infrastructure", "ACME.Infrastructure\ACME.Infrastructure.csproj", "{B542D76A-5F62-4EAD-BB71-3291E2F08C57}"
EndProject
Project("{FAE04EC0-301F-11D3-BF4B-00C04F79EFBC}") = "ACME.Domain", "ACME.Domain\ACME.Domain.csproj", "{499196F7-41A5-48AB-975C-8283300C551A}"
EndProject
Global
	GlobalSection(SolutionConfigurationPlatforms) = preSolution
		Debug|Any CPU = Debug|Any CPU
		Release|Any CPU = Release|Any CPU
	EndGlobalSection
	GlobalSection(ProjectConfigurationPlatforms) = postSolution
		{B542D76A-5F62-4EAD-BB71-3291E2F08C57}.Debug|Any CPU.ActiveCfg = Debug|Any CPU
		{B542D76A-5F62-4EAD-BB71-3291E2F08C57}.Debug|Any CPU.Build.0 = Debug|Any CPU
		{B542D76A-5F62-4EAD-BB71-3291E2F08C57}.Release|Any CPU.ActiveCfg = Release|Any CPU
		{B542D76A-5F62-4EAD-BB71-3291E2F08C57}.Release|Any CPU.Build.0 = Release|Any CPU
		{499196F7-41A5-48AB-975C-8283300C551A}.Debug|Any CPU.ActiveCfg = Debug|Any CPU
		{499196F7-41A5-48AB-975C-8283300C551A}.Debug|Any CPU.Build.0 = Debug|Any CPU
		{499196F7-41A5-48AB-975C-8283300C551A}.Release|Any CPU.ActiveCfg = Release|Any CPU
		{499196F7-41A5-48AB-975C-8283300C551A}.Release|Any CPU.Build.0 = Release|Any CPU
	EndGlobalSection
	GlobalSection(SolutionProperties) = preSolution
		HideSolutionNode = FALSE
	EndGlobalSection
	GlobalSection(ExtensibilityGlobals) = postSolution
		SolutionGuid = {E0859857-DE54-4D00-8B73-699926631D21}
	EndGlobalSection
EndGlobal
